
Microsoft Visual Studio Solution File, Format Version 12.00
# Visual Studio Version 16
VisualStudioVersion = 16.0.31129.286
MinimumVisualStudioVersion = 10.0.40219.1
Project("{FAE04EC0-301F-11D3-BF4B-00C04F79EFBC}") = "sotukentest.iOS", "sotukentest.iOS\sotukentest.iOS.csproj", "{C7493A5B-FF22-4816-AB2E-E33EBE14C8B6}"
EndProject
Project("{FAE04EC0-301F-11D3-BF4B-00C04F79EFBC}") = "sotukentest", "sotukentest\sotukentest.csproj", "{CB851E91-9035-445B-ACC7-D989A02E61ED}"
EndProject
Global
	GlobalSection(SolutionConfigurationPlatforms) = preSolution
		Debug|Any CPU = Debug|Any CPU
		Debug|iPhone = Debug|iPhone
		Debug|iPhoneSimulator = Debug|iPhoneSimulator
		Release|Any CPU = Release|Any CPU
		Release|iPhone = Release|iPhone
		Release|iPhoneSimulator = Release|iPhoneSimulator
	EndGlobalSection
	GlobalSection(ProjectConfigurationPlatforms) = postSolution
		{C7493A5B-FF22-4816-AB2E-E33EBE14C8B6}.Debug|Any CPU.ActiveCfg = Debug|iPhoneSimulator
		{C7493A5B-FF22-4816-AB2E-E33EBE14C8B6}.Debug|Any CPU.Build.0 = Debug|iPhoneSimulator
		{C7493A5B-FF22-4816-AB2E-E33EBE14C8B6}.Debug|Any CPU.Deploy.0 = Debug|iPhoneSimulator
		{C7493A5B-FF22-4816-AB2E-E33EBE14C8B6}.Debug|iPhone.ActiveCfg = Debug|iPhone
		{C7493A5B-FF22-4816-AB2E-E33EBE14C8B6}.Debug|iPhone.Build.0 = Debug|iPhone
		{C7493A5B-FF22-4816-AB2E-E33EBE14C8B6}.Debug|iPhone.Deploy.0 = Debug|iPhone
		{C7493A5B-FF22-4816-AB2E-E33EBE14C8B6}.Debug|iPhoneSimulator.ActiveCfg = Debug|iPhoneSimulator
		{C7493A5B-FF22-4816-AB2E-E33EBE14C8B6}.Debug|iPhoneSimulator.Build.0 = Debug|iPhoneSimulator
		{C7493A5B-FF22-4816-AB2E-E33EBE14C8B6}.Debug|iPhoneSimulator.Deploy.0 = Debug|iPhoneSimulator
		{C7493A5B-FF22-4816-AB2E-E33EBE14C8B6}.Release|Any CPU.ActiveCfg = Release|iPhoneSimulator
		{C7493A5B-FF22-4816-AB2E-E33EBE14C8B6}.Release|Any CPU.Build.0 = Release|iPhoneSimulator
		{C7493A5B-FF22-4816-AB2E-E33EBE14C8B6}.Release|Any CPU.Deploy.0 = Release|iPhoneSimulator
		{C7493A5B-FF22-4816-AB2E-E33EBE14C8B6}.Release|iPhone.ActiveCfg = Release|iPhone
		{C7493A5B-FF22-4816-AB2E-E33EBE14C8B6}.Release|iPhone.Build.0 = Release|iPhone
		{C7493A5B-FF22-4816-AB2E-E33EBE14C8B6}.Release|iPhone.Deploy.0 = Release|iPhone
		{C7493A5B-FF22-4816-AB2E-E33EBE14C8B6}.Release|iPhoneSimulator.ActiveCfg = Release|iPhoneSimulator
		{C7493A5B-FF22-4816-AB2E-E33EBE14C8B6}.Release|iPhoneSimulator.Build.0 = Release|iPhoneSimulator
		{C7493A5B-FF22-4816-AB2E-E33EBE14C8B6}.Release|iPhoneSimulator.Deploy.0 = Release|iPhoneSimulator
		{CB851E91-9035-445B-ACC7-D989A02E61ED}.Debug|Any CPU.ActiveCfg = Debug|Any CPU
		{CB851E91-9035-445B-ACC7-D989A02E61ED}.Debug|Any CPU.Build.0 = Debug|Any CPU
		{CB851E91-9035-445B-ACC7-D989A02E61ED}.Debug|Any CPU.Deploy.0 = Debug|Any CPU
		{CB851E91-9035-445B-ACC7-D989A02E61ED}.Debug|iPhone.ActiveCfg = Debug|Any CPU
		{CB851E91-9035-445B-ACC7-D989A02E61ED}.Debug|iPhone.Build.0 = Debug|Any CPU
		{CB851E91-9035-445B-ACC7-D989A02E61ED}.Debug|iPhone.Deploy.0 = Debug|Any CPU
		{CB851E91-9035-445B-ACC7-D989A02E61ED}.Debug|iPhoneSimulator.ActiveCfg = Debug|Any CPU
		{CB851E91-9035-445B-ACC7-D989A02E61ED}.Debug|iPhoneSimulator.Build.0 = Debug|Any CPU
		{CB851E91-9035-445B-ACC7-D989A02E61ED}.Debug|iPhoneSimulator.Deploy.0 = Debug|Any CPU
		{CB851E91-9035-445B-ACC7-D989A02E61ED}.Release|Any CPU.ActiveCfg = Release|Any CPU
		{CB851E91-9035-445B-ACC7-D989A02E61ED}.Release|Any CPU.Build.0 = Release|Any CPU
		{CB851E91-9035-445B-ACC7-D989A02E61ED}.Release|Any CPU.Deploy.0 = Release|Any CPU
		{CB851E91-9035-445B-ACC7-D989A02E61ED}.Release|iPhone.ActiveCfg = Release|Any CPU
		{CB851E91-9035-445B-ACC7-D989A02E61ED}.Release|iPhone.Build.0 = Release|Any CPU
		{CB851E91-9035-445B-ACC7-D989A02E61ED}.Release|iPhone.Deploy.0 = Release|Any CPU
		{CB851E91-9035-445B-ACC7-D989A02E61ED}.Release|iPhoneSimulator.ActiveCfg = Release|Any CPU
		{CB851E91-9035-445B-ACC7-D989A02E61ED}.Release|iPhoneSimulator.Build.0 = Release|Any CPU
		{CB851E91-9035-445B-ACC7-D989A02E61ED}.Release|iPhoneSimulator.Deploy.0 = Release|Any CPU
	EndGlobalSection
	GlobalSection(SolutionProperties) = preSolution
		HideSolutionNode = FALSE
	EndGlobalSection
	GlobalSection(ExtensibilityGlobals) = postSolution
		SolutionGuid = {77D3EB63-8312-42BD-BDA6-AABEDF58CD73}
	EndGlobalSection
EndGlobal
